
Microsoft Visual Studio Solution File, Format Version 9.00
# Visual Studio 2005
Project("{FAE04EC0-301F-11D3-BF4B-00C04F79EFBC}") = "LEDSim", "LEDSim\LEDSim.csproj", "{47F4BD92-C3DB-4DAF-8436-58E56BAA208C}"
	ProjectSection(ProjectDependencies) = postProject
		{45EC19F1-4D3D-4E80-AC2F-BC25D3A55428} = {45EC19F1-4D3D-4E80-AC2F-BC25D3A55428}
		{2E978FAA-6F85-4DDB-AB17-DD5AA9A2096F} = {2E978FAA-6F85-4DDB-AB17-DD5AA9A2096F}
		{404AEE81-94B1-4734-8AD5-115D7A98A627} = {404AEE81-94B1-4734-8AD5-115D7A98A627}
	EndProjectSection
EndProject
Project("{FAE04EC0-301F-11D3-BF4B-00C04F79EFBC}") = "Logic", "Logic\Logic.csproj", "{F0A37234-5772-4D3C-B77E-90FDFD120C05}"
EndProject
Project("{FAE04EC0-301F-11D3-BF4B-00C04F79EFBC}") = "Components", "Components\Components.csproj", "{76285E0C-8121-4D7B-8F56-D834146D0B51}"
	ProjectSection(ProjectDependencies) = postProject
		{F0A37234-5772-4D3C-B77E-90FDFD120C05} = {F0A37234-5772-4D3C-B77E-90FDFD120C05}
	EndProjectSection
EndProject
Project("{FAE04EC0-301F-11D3-BF4B-00C04F79EFBC}") = "Circuit", "Circuit\Circuit.csproj", "{B65186AA-A356-4F5D-911D-DAD02D804E31}"
	ProjectSection(ProjectDependencies) = postProject
		{F0A37234-5772-4D3C-B77E-90FDFD120C05} = {F0A37234-5772-4D3C-B77E-90FDFD120C05}
		{76285E0C-8121-4D7B-8F56-D834146D0B51} = {76285E0C-8121-4D7B-8F56-D834146D0B51}
	EndProjectSection
EndProject
Project("{FAE04EC0-301F-11D3-BF4B-00C04F79EFBC}") = "Present", "Present\Present.csproj", "{45EC19F1-4D3D-4E80-AC2F-BC25D3A55428}"
	ProjectSection(ProjectDependencies) = postProject
		{F0A37234-5772-4D3C-B77E-90FDFD120C05} = {F0A37234-5772-4D3C-B77E-90FDFD120C05}
		{76285E0C-8121-4D7B-8F56-D834146D0B51} = {76285E0C-8121-4D7B-8F56-D834146D0B51}
		{B65186AA-A356-4F5D-911D-DAD02D804E31} = {B65186AA-A356-4F5D-911D-DAD02D804E31}
	EndProjectSection
EndProject
Project("{FAE04EC0-301F-11D3-BF4B-00C04F79EFBC}") = "Design", "Design\Design.csproj", "{404AEE81-94B1-4734-8AD5-115D7A98A627}"
	ProjectSection(ProjectDependencies) = postProject
		{F0A37234-5772-4D3C-B77E-90FDFD120C05} = {F0A37234-5772-4D3C-B77E-90FDFD120C05}
		{76285E0C-8121-4D7B-8F56-D834146D0B51} = {76285E0C-8121-4D7B-8F56-D834146D0B51}
		{B65186AA-A356-4F5D-911D-DAD02D804E31} = {B65186AA-A356-4F5D-911D-DAD02D804E31}
	EndProjectSection
EndProject
Project("{FAE04EC0-301F-11D3-BF4B-00C04F79EFBC}") = "Measure", "Measure\Measure.csproj", "{2E978FAA-6F85-4DDB-AB17-DD5AA9A2096F}"
	ProjectSection(ProjectDependencies) = postProject
		{F0A37234-5772-4D3C-B77E-90FDFD120C05} = {F0A37234-5772-4D3C-B77E-90FDFD120C05}
		{76285E0C-8121-4D7B-8F56-D834146D0B51} = {76285E0C-8121-4D7B-8F56-D834146D0B51}
		{B65186AA-A356-4F5D-911D-DAD02D804E31} = {B65186AA-A356-4F5D-911D-DAD02D804E31}
	EndProjectSection
EndProject
Global
	GlobalSection(SubversionScc) = preSolution
		Svn-Managed = True
		Manager = AnkhSVN - Subversion Support for Visual Studio
	EndGlobalSection
	GlobalSection(SolutionConfigurationPlatforms) = preSolution
		Debug|Any CPU = Debug|Any CPU
		Release|Any CPU = Release|Any CPU
	EndGlobalSection
	GlobalSection(ProjectConfigurationPlatforms) = postSolution
		{47F4BD92-C3DB-4DAF-8436-58E56BAA208C}.Debug|Any CPU.ActiveCfg = Debug|Any CPU
		{47F4BD92-C3DB-4DAF-8436-58E56BAA208C}.Debug|Any CPU.Build.0 = Debug|Any CPU
		{47F4BD92-C3DB-4DAF-8436-58E56BAA208C}.Release|Any CPU.ActiveCfg = Release|Any CPU
		{47F4BD92-C3DB-4DAF-8436-58E56BAA208C}.Release|Any CPU.Build.0 = Release|Any CPU
		{F0A37234-5772-4D3C-B77E-90FDFD120C05}.Debug|Any CPU.ActiveCfg = Debug|Any CPU
		{F0A37234-5772-4D3C-B77E-90FDFD120C05}.Debug|Any CPU.Build.0 = Debug|Any CPU
		{F0A37234-5772-4D3C-B77E-90FDFD120C05}.Release|Any CPU.ActiveCfg = Release|Any CPU
		{F0A37234-5772-4D3C-B77E-90FDFD120C05}.Release|Any CPU.Build.0 = Release|Any CPU
		{76285E0C-8121-4D7B-8F56-D834146D0B51}.Debug|Any CPU.ActiveCfg = Debug|Any CPU
		{76285E0C-8121-4D7B-8F56-D834146D0B51}.Debug|Any CPU.Build.0 = Debug|Any CPU
		{76285E0C-8121-4D7B-8F56-D834146D0B51}.Release|Any CPU.ActiveCfg = Release|Any CPU
		{76285E0C-8121-4D7B-8F56-D834146D0B51}.Release|Any CPU.Build.0 = Release|Any CPU
		{B65186AA-A356-4F5D-911D-DAD02D804E31}.Debug|Any CPU.ActiveCfg = Debug|Any CPU
		{B65186AA-A356-4F5D-911D-DAD02D804E31}.Debug|Any CPU.Build.0 = Debug|Any CPU
		{B65186AA-A356-4F5D-911D-DAD02D804E31}.Release|Any CPU.ActiveCfg = Release|Any CPU
		{B65186AA-A356-4F5D-911D-DAD02D804E31}.Release|Any CPU.Build.0 = Release|Any CPU
		{45EC19F1-4D3D-4E80-AC2F-BC25D3A55428}.Debug|Any CPU.ActiveCfg = Debug|Any CPU
		{45EC19F1-4D3D-4E80-AC2F-BC25D3A55428}.Debug|Any CPU.Build.0 = Debug|Any CPU
		{45EC19F1-4D3D-4E80-AC2F-BC25D3A55428}.Release|Any CPU.ActiveCfg = Release|Any CPU
		{45EC19F1-4D3D-4E80-AC2F-BC25D3A55428}.Release|Any CPU.Build.0 = Release|Any CPU
		{404AEE81-94B1-4734-8AD5-115D7A98A627}.Debug|Any CPU.ActiveCfg = Debug|Any CPU
		{404AEE81-94B1-4734-8AD5-115D7A98A627}.Debug|Any CPU.Build.0 = Debug|Any CPU
		{404AEE81-94B1-4734-8AD5-115D7A98A627}.Release|Any CPU.ActiveCfg = Release|Any CPU
		{404AEE81-94B1-4734-8AD5-115D7A98A627}.Release|Any CPU.Build.0 = Release|Any CPU
		{2E978FAA-6F85-4DDB-AB17-DD5AA9A2096F}.Debug|Any CPU.ActiveCfg = Debug|Any CPU
		{2E978FAA-6F85-4DDB-AB17-DD5AA9A2096F}.Debug|Any CPU.Build.0 = Debug|Any CPU
		{2E978FAA-6F85-4DDB-AB17-DD5AA9A2096F}.Release|Any CPU.ActiveCfg = Release|Any CPU
		{2E978FAA-6F85-4DDB-AB17-DD5AA9A2096F}.Release|Any CPU.Build.0 = Release|Any CPU
	EndGlobalSection
	GlobalSection(SolutionProperties) = preSolution
		HideSolutionNode = FALSE
	EndGlobalSection
EndGlobal
