
Microsoft Visual Studio Solution File, Format Version 9.00
# Visual Studio 2005
Project("{FAE04EC0-301F-11D3-BF4B-00C04F79EFBC}") = "ImageRec", "ImageRec\ImageRec.csproj", "{A8377E75-BCD0-4A47-859A-7938E8795543}"
EndProject
Global
	GlobalSection(SolutionConfigurationPlatforms) = preSolution
		Debug|Any CPU = Debug|Any CPU
		Release|Any CPU = Release|Any CPU
	EndGlobalSection
	GlobalSection(ProjectConfigurationPlatforms) = postSolution
		{A8377E75-BCD0-4A47-859A-7938E8795543}.Debug|Any CPU.ActiveCfg = Debug|Any CPU
		{A8377E75-BCD0-4A47-859A-7938E8795543}.Debug|Any CPU.Build.0 = Debug|Any CPU
		{A8377E75-BCD0-4A47-859A-7938E8795543}.Release|Any CPU.ActiveCfg = Release|Any CPU
		{A8377E75-BCD0-4A47-859A-7938E8795543}.Release|Any CPU.Build.0 = Release|Any CPU
	EndGlobalSection
	GlobalSection(SolutionProperties) = preSolution
		HideSolutionNode = FALSE
	EndGlobalSection
EndGlobal
